{
  "name": "starter",
  "version": "0.0.0",
  "lockfileVersion": 3,
  "requires": true,
  "packages": {
    "": {
      "name": "starter",
      "version": "0.0.0",
      "license": "ISC",
      "dependencies": {
        "libsql": "^0.2.0-pre.7"
      }
    },
    "node_modules/@libsql/darwin-arm64": {
      "version": "0.2.0-pre.7",
      "resolved": "https://registry.npmjs.org/@libsql/darwin-arm64/-/darwin-arm64-0.2.0-pre.7.tgz",
      "integrity": "sha512-rtNYnXF0W3kKwZ5MxrhjzE8uWq2YI20zIeKLDFX8JzT6zfgR3qym9AUrDV8tPYGr4bF/mgdH/CZxr49zddy4ig==",
      "cpu": [
        "arm64"
      ],
      "optional": true,
      "os": [
        "darwin"
      ]
    },
    "node_modules/@libsql/darwin-x64": {
      "version": "0.2.0-pre.7",
      "resolved": "https://registry.npmjs.org/@libsql/darwin-x64/-/darwin-x64-0.2.0-pre.7.tgz",
      "integrity": "sha512-14cb9xJCHwOIl71TPpzeZhKZ4pvwEeRTkP2XmmMBvkNaDPK27lE4ibMATL+IZ/JL0S7aQNcBLwTpwu2Zt0IMuQ==",
      "cpu": [
        "x64"
      ],
      "optional": true,
      "os": [
        "darwin"
      ]
    },
    "node_modules/@libsql/linux-arm64-gnu": {
      "version": "0.2.0-pre.7",
      "resolved": "https://registry.npmjs.org/@libsql/linux-arm64-gnu/-/linux-arm64-gnu-0.2.0-pre.7.tgz",
      "integrity": "sha512-fiygBotFaYmWnK0or0yEQQQ+3V2m886aaIXDuYtSMpoeykbY3JuRu/CSvriI6/ovnufoMoERo82YZUBR6EDPKA==",
      "cpu": [
        "arm64"
      ],
      "optional": true,
      "os": [
        "linux"
      ]
    },
    "node_modules/@libsql/linux-arm64-musl": {
      "version": "0.2.0-pre.7",
      "resolved": "https://registry.npmjs.org/@libsql/linux-arm64-musl/-/linux-arm64-musl-0.2.0-pre.7.tgz",
      "integrity": "sha512-5m2OnItWBwyhGiB4kpOvGaOGwHemEY5cz/dc0gK/L6OjEP1lTPZwhXongp3EtI/cApGpHyLctkSWkgM+y2zp9w==",
      "cpu": [
        "arm64"
      ],
      "optional": true,
      "os": [
        "linux"
      ]
    },
    "node_modules/@libsql/linux-x64-gnu": {
      "version": "0.2.0-pre.7",
      "resolved": "https://registry.npmjs.org/@libsql/linux-x64-gnu/-/linux-x64-gnu-0.2.0-pre.7.tgz",
      "integrity": "sha512-i72WtvZqsuoM5rnMslS2LGsOo3zvlH0nc5gAwUz45UnsXQBSiLP7ELktVW0n8soMaeQE47ayT6jsB61CMC0KSA==",
      "cpu": [
        "x64"
      ],
      "optional": true,
      "os": [
        "linux"
      ]
    },
    "node_modules/@libsql/linux-x64-musl": {
      "version": "0.2.0-pre.7",
      "resolved": "https://registry.npmjs.org/@libsql/linux-x64-musl/-/linux-x64-musl-0.2.0-pre.7.tgz",
      "integrity": "sha512-9QO7xg6mExrQVQES9gW1OsExsUEJ6cBRdmt6nYfeDGShh/eoV3kiPSUeMXckNNbl77F5+m86WZqIDpi2UskgDw==",
      "cpu": [
        "x64"
      ],
      "optional": true,
      "os": [
        "linux"
      ]
    },
    "node_modules/@libsql/win32-x64-msvc": {
      "version": "0.2.0-pre.7",
      "resolved": "https://registry.npmjs.org/@libsql/win32-x64-msvc/-/win32-x64-msvc-0.2.0-pre.7.tgz",
      "integrity": "sha512-vNKWGHIws3qoqMV4hX0kRt54IiFaA0FuSzQnclqlygGTXetHragnuimZANIOYVWagU35wk5s23+Ir/eO158+Sg==",
      "cpu": [
        "x64"
      ],
      "optional": true,
      "os": [
        "win32"
      ]
    },
    "node_modules/@neon-rs/load": {
      "version": "0.0.4",
      "resolved": "https://registry.npmjs.org/@neon-rs/load/-/load-0.0.4.tgz",
      "integrity": "sha512-kTPhdZyTQxB+2wpiRcFWrDcejc4JI6tkPuS7UZCG4l6Zvc5kU/gGQ/ozvHTh1XR5tS+UlfAfGuPajjzQjCiHCw=="
    },
    "node_modules/detect-libc": {
      "version": "2.0.2",
      "resolved": "https://registry.npmjs.org/detect-libc/-/detect-libc-2.0.2.tgz",
      "integrity": "sha512-UX6sGumvvqSaXgdKGUsgZWqcUyIXZ/vZTrlRT/iobiKhGL0zL4d3osHj3uqllWJK+i+sixDS/3COVEOFbupFyw==",
      "engines": {
        "node": ">=8"
      }
    },
    "node_modules/libsql": {
      "version": "0.2.0-pre.7",
      "resolved": "https://registry.npmjs.org/libsql/-/libsql-0.2.0-pre.7.tgz",
      "integrity": "sha512-f2AmB3KvTYfYJUcERjed2RXKrnqZK2KvXkhnrpU+L7SQRtSYZqtChN70Pp0bKHGDkBXWvBLklpcwLpRNtwXStA==",
      "cpu": [
        "x64",
        "arm64"
      ],
      "os": [
        "darwin",
        "linux",
        "win32"
      ],
      "dependencies": {
        "@neon-rs/load": "^0.0.4",
        "detect-libc": "2.0.2"
      },
      "optionalDependencies": {
        "@libsql/darwin-arm64": "0.2.0-pre.7",
        "@libsql/darwin-x64": "0.2.0-pre.7",
        "@libsql/linux-arm64-gnu": "0.2.0-pre.7",
        "@libsql/linux-arm64-musl": "0.2.0-pre.7",
        "@libsql/linux-x64-gnu": "0.2.0-pre.7",
        "@libsql/linux-x64-musl": "0.2.0-pre.7",
        "@libsql/win32-x64-msvc": "0.2.0-pre.7"
      }
    }
  }
}
